
Microsoft Visual Studio Solution File, Format Version 12.00
Project("{FAE04EC0-301F-11D3-BF4B-00C04F79EFBC}") = "Aug", "Aug\Aug.csproj", "{AB59BE12-DBE0-40CB-B61C-D49CF29FA7F2}"
EndProject
Project("{FAE04EC0-301F-11D3-BF4B-00C04F79EFBC}") = "AugMsTest", "AugMsTest\AugMsTest.csproj", "{98D5FABC-C0DF-4B31-B733-01C3A1FA484D}"
EndProject
Project("{FAE04EC0-301F-11D3-BF4B-00C04F79EFBC}") = "AugNUnitTest", "AugNUnitTest\AugNUnitTest.csproj", "{744118BF-31CD-4178-A818-D5C0CD90E140}"
EndProject
Global
	GlobalSection(SolutionConfigurationPlatforms) = preSolution
		Debug|Any CPU = Debug|Any CPU
		Release|Any CPU = Release|Any CPU
	EndGlobalSection
	GlobalSection(ProjectConfigurationPlatforms) = postSolution
		{AB59BE12-DBE0-40CB-B61C-D49CF29FA7F2}.Debug|Any CPU.ActiveCfg = Debug|Any CPU
		{AB59BE12-DBE0-40CB-B61C-D49CF29FA7F2}.Debug|Any CPU.Build.0 = Debug|Any CPU
		{AB59BE12-DBE0-40CB-B61C-D49CF29FA7F2}.Release|Any CPU.ActiveCfg = Release|Any CPU
		{AB59BE12-DBE0-40CB-B61C-D49CF29FA7F2}.Release|Any CPU.Build.0 = Release|Any CPU
		{98D5FABC-C0DF-4B31-B733-01C3A1FA484D}.Debug|Any CPU.ActiveCfg = Debug|Any CPU
		{98D5FABC-C0DF-4B31-B733-01C3A1FA484D}.Debug|Any CPU.Build.0 = Debug|Any CPU
		{98D5FABC-C0DF-4B31-B733-01C3A1FA484D}.Release|Any CPU.ActiveCfg = Release|Any CPU
		{98D5FABC-C0DF-4B31-B733-01C3A1FA484D}.Release|Any CPU.Build.0 = Release|Any CPU
		{744118BF-31CD-4178-A818-D5C0CD90E140}.Debug|Any CPU.ActiveCfg = Debug|Any CPU
		{744118BF-31CD-4178-A818-D5C0CD90E140}.Debug|Any CPU.Build.0 = Debug|Any CPU
		{744118BF-31CD-4178-A818-D5C0CD90E140}.Release|Any CPU.ActiveCfg = Release|Any CPU
		{744118BF-31CD-4178-A818-D5C0CD90E140}.Release|Any CPU.Build.0 = Release|Any CPU
	EndGlobalSection
EndGlobal
